
Microsoft Visual Studio Solution File, Format Version 12.00
# Visual Studio Version 17
VisualStudioVersion = 17.9.34728.123
MinimumVisualStudioVersion = 10.0.40219.1
Project("{FAE04EC0-301F-11D3-BF4B-00C04F79EFBC}") = "OtusThreads", "OtusThreads\OtusThreads.csproj", "{338E7B56-E48D-409B-A70A-614458DDB738}"
EndProject
Global
	GlobalSection(SolutionConfigurationPlatforms) = preSolution
		Debug|Any CPU = Debug|Any CPU
		Release|Any CPU = Release|Any CPU
	EndGlobalSection
	GlobalSection(ProjectConfigurationPlatforms) = postSolution
		{338E7B56-E48D-409B-A70A-614458DDB738}.Debug|Any CPU.ActiveCfg = Debug|Any CPU
		{338E7B56-E48D-409B-A70A-614458DDB738}.Debug|Any CPU.Build.0 = Debug|Any CPU
		{338E7B56-E48D-409B-A70A-614458DDB738}.Release|Any CPU.ActiveCfg = Release|Any CPU
		{338E7B56-E48D-409B-A70A-614458DDB738}.Release|Any CPU.Build.0 = Release|Any CPU
	EndGlobalSection
	GlobalSection(SolutionProperties) = preSolution
		HideSolutionNode = FALSE
	EndGlobalSection
	GlobalSection(ExtensibilityGlobals) = postSolution
		SolutionGuid = {EA589D7C-BA45-4ED1-9E0B-1AAEA1B600F8}
	EndGlobalSection
EndGlobal
